
Microsoft Visual Studio Solution File, Format Version 12.00
# Visual Studio 15
VisualStudioVersion = 15.0.28306.52
MinimumVisualStudioVersion = 10.0.40219.1
Project("{FAE04EC0-301F-11D3-BF4B-00C04F79EFBC}") = "TestConsole", "TestConsole\TestConsole.csproj", "{3A7000D4-6827-4F5C-BCEC-91E24CC228B8}"
EndProject
Project("{FAE04EC0-301F-11D3-BF4B-00C04F79EFBC}") = "TestPerf", "TestPerf\TestPerf.csproj", "{91BD2FE2-66C2-4A39-A7C3-4C3A930C944E}"
	ProjectSection(ProjectDependencies) = postProject
		{C3EC5D2F-BE6D-4B6F-B54C-6A99359CC13F} = {C3EC5D2F-BE6D-4B6F-B54C-6A99359CC13F}
	EndProjectSection
EndProject
Project("{8BC9CEB8-8B4A-11D0-8D11-00A0C91BC942}") = "NativeLoader", "NativeLoader\NativeLoader.vcxproj", "{C3EC5D2F-BE6D-4B6F-B54C-6A99359CC13F}"
EndProject
Project("{9A19103F-16F7-4668-BE54-9A1E7A4F7556}") = "CollectionExperiment", "CollectionExperiment\CollectionExperiment.csproj", "{37E615C7-6F79-4102-953A-1CB9AF76734D}"
EndProject
Global
	GlobalSection(SolutionConfigurationPlatforms) = preSolution
		Debug|Any CPU = Debug|Any CPU
		Debug|x64 = Debug|x64
		Debug|x86 = Debug|x86
		Release|Any CPU = Release|Any CPU
		Release|x64 = Release|x64
		Release|x86 = Release|x86
		Release-x86|Any CPU = Release-x86|Any CPU
		Release-x86|x64 = Release-x86|x64
		Release-x86|x86 = Release-x86|x86
	EndGlobalSection
	GlobalSection(ProjectConfigurationPlatforms) = postSolution
		{3A7000D4-6827-4F5C-BCEC-91E24CC228B8}.Debug|Any CPU.ActiveCfg = Debug|Any CPU
		{3A7000D4-6827-4F5C-BCEC-91E24CC228B8}.Debug|Any CPU.Build.0 = Debug|Any CPU
		{3A7000D4-6827-4F5C-BCEC-91E24CC228B8}.Debug|x64.ActiveCfg = Debug|Any CPU
		{3A7000D4-6827-4F5C-BCEC-91E24CC228B8}.Debug|x64.Build.0 = Debug|Any CPU
		{3A7000D4-6827-4F5C-BCEC-91E24CC228B8}.Debug|x86.ActiveCfg = Debug|Any CPU
		{3A7000D4-6827-4F5C-BCEC-91E24CC228B8}.Debug|x86.Build.0 = Debug|Any CPU
		{3A7000D4-6827-4F5C-BCEC-91E24CC228B8}.Release|Any CPU.ActiveCfg = Release|Any CPU
		{3A7000D4-6827-4F5C-BCEC-91E24CC228B8}.Release|Any CPU.Build.0 = Release|Any CPU
		{3A7000D4-6827-4F5C-BCEC-91E24CC228B8}.Release|x64.ActiveCfg = Release|Any CPU
		{3A7000D4-6827-4F5C-BCEC-91E24CC228B8}.Release|x64.Build.0 = Release|Any CPU
		{3A7000D4-6827-4F5C-BCEC-91E24CC228B8}.Release|x86.ActiveCfg = Release|Any CPU
		{3A7000D4-6827-4F5C-BCEC-91E24CC228B8}.Release|x86.Build.0 = Release|Any CPU
		{3A7000D4-6827-4F5C-BCEC-91E24CC228B8}.Release-x86|Any CPU.ActiveCfg = Release|Any CPU
		{3A7000D4-6827-4F5C-BCEC-91E24CC228B8}.Release-x86|Any CPU.Build.0 = Release|Any CPU
		{3A7000D4-6827-4F5C-BCEC-91E24CC228B8}.Release-x86|x64.ActiveCfg = Release|Any CPU
		{3A7000D4-6827-4F5C-BCEC-91E24CC228B8}.Release-x86|x64.Build.0 = Release|Any CPU
		{3A7000D4-6827-4F5C-BCEC-91E24CC228B8}.Release-x86|x86.ActiveCfg = Release|Any CPU
		{3A7000D4-6827-4F5C-BCEC-91E24CC228B8}.Release-x86|x86.Build.0 = Release|Any CPU
		{91BD2FE2-66C2-4A39-A7C3-4C3A930C944E}.Debug|Any CPU.ActiveCfg = Debug|Any CPU
		{91BD2FE2-66C2-4A39-A7C3-4C3A930C944E}.Debug|Any CPU.Build.0 = Debug|Any CPU
		{91BD2FE2-66C2-4A39-A7C3-4C3A930C944E}.Debug|x64.ActiveCfg = Debug|Any CPU
		{91BD2FE2-66C2-4A39-A7C3-4C3A930C944E}.Debug|x64.Build.0 = Debug|Any CPU
		{91BD2FE2-66C2-4A39-A7C3-4C3A930C944E}.Debug|x86.ActiveCfg = Debug|Any CPU
		{91BD2FE2-66C2-4A39-A7C3-4C3A930C944E}.Debug|x86.Build.0 = Debug|Any CPU
		{91BD2FE2-66C2-4A39-A7C3-4C3A930C944E}.Release|Any CPU.ActiveCfg = Release|Any CPU
		{91BD2FE2-66C2-4A39-A7C3-4C3A930C944E}.Release|Any CPU.Build.0 = Release|Any CPU
		{91BD2FE2-66C2-4A39-A7C3-4C3A930C944E}.Release|x64.ActiveCfg = Release|Any CPU
		{91BD2FE2-66C2-4A39-A7C3-4C3A930C944E}.Release|x64.Build.0 = Release|Any CPU
		{91BD2FE2-66C2-4A39-A7C3-4C3A930C944E}.Release|x86.ActiveCfg = Release|Any CPU
		{91BD2FE2-66C2-4A39-A7C3-4C3A930C944E}.Release|x86.Build.0 = Release|Any CPU
		{91BD2FE2-66C2-4A39-A7C3-4C3A930C944E}.Release-x86|Any CPU.ActiveCfg = Release|Any CPU
		{91BD2FE2-66C2-4A39-A7C3-4C3A930C944E}.Release-x86|Any CPU.Build.0 = Release|Any CPU
		{91BD2FE2-66C2-4A39-A7C3-4C3A930C944E}.Release-x86|x64.ActiveCfg = Release|Any CPU
		{91BD2FE2-66C2-4A39-A7C3-4C3A930C944E}.Release-x86|x64.Build.0 = Release|Any CPU
		{91BD2FE2-66C2-4A39-A7C3-4C3A930C944E}.Release-x86|x86.ActiveCfg = Release|Any CPU
		{91BD2FE2-66C2-4A39-A7C3-4C3A930C944E}.Release-x86|x86.Build.0 = Release|Any CPU
		{C3EC5D2F-BE6D-4B6F-B54C-6A99359CC13F}.Debug|Any CPU.ActiveCfg = Debug|x64
		{C3EC5D2F-BE6D-4B6F-B54C-6A99359CC13F}.Debug|x64.ActiveCfg = Debug|x64
		{C3EC5D2F-BE6D-4B6F-B54C-6A99359CC13F}.Debug|x64.Build.0 = Debug|x64
		{C3EC5D2F-BE6D-4B6F-B54C-6A99359CC13F}.Debug|x86.ActiveCfg = Debug|Win32
		{C3EC5D2F-BE6D-4B6F-B54C-6A99359CC13F}.Debug|x86.Build.0 = Debug|Win32
		{C3EC5D2F-BE6D-4B6F-B54C-6A99359CC13F}.Release|Any CPU.ActiveCfg = Release|Win32
		{C3EC5D2F-BE6D-4B6F-B54C-6A99359CC13F}.Release|x64.ActiveCfg = Release|x64
		{C3EC5D2F-BE6D-4B6F-B54C-6A99359CC13F}.Release|x64.Build.0 = Release|x64
		{C3EC5D2F-BE6D-4B6F-B54C-6A99359CC13F}.Release|x86.ActiveCfg = Release|Win32
		{C3EC5D2F-BE6D-4B6F-B54C-6A99359CC13F}.Release|x86.Build.0 = Release|Win32
		{C3EC5D2F-BE6D-4B6F-B54C-6A99359CC13F}.Release-x86|Any CPU.ActiveCfg = Release|x64
		{C3EC5D2F-BE6D-4B6F-B54C-6A99359CC13F}.Release-x86|Any CPU.Build.0 = Release|x64
		{C3EC5D2F-BE6D-4B6F-B54C-6A99359CC13F}.Release-x86|x64.ActiveCfg = Release|x64
		{C3EC5D2F-BE6D-4B6F-B54C-6A99359CC13F}.Release-x86|x64.Build.0 = Release|x64
		{C3EC5D2F-BE6D-4B6F-B54C-6A99359CC13F}.Release-x86|x86.ActiveCfg = Release|Win32
		{C3EC5D2F-BE6D-4B6F-B54C-6A99359CC13F}.Release-x86|x86.Build.0 = Release|Win32
		{37E615C7-6F79-4102-953A-1CB9AF76734D}.Debug|Any CPU.ActiveCfg = Debug|Any CPU
		{37E615C7-6F79-4102-953A-1CB9AF76734D}.Debug|Any CPU.Build.0 = Debug|Any CPU
		{37E615C7-6F79-4102-953A-1CB9AF76734D}.Debug|x64.ActiveCfg = Debug|Any CPU
		{37E615C7-6F79-4102-953A-1CB9AF76734D}.Debug|x64.Build.0 = Debug|Any CPU
		{37E615C7-6F79-4102-953A-1CB9AF76734D}.Debug|x86.ActiveCfg = Debug|x86
		{37E615C7-6F79-4102-953A-1CB9AF76734D}.Debug|x86.Build.0 = Debug|x86
		{37E615C7-6F79-4102-953A-1CB9AF76734D}.Release|Any CPU.ActiveCfg = Release|Any CPU
		{37E615C7-6F79-4102-953A-1CB9AF76734D}.Release|Any CPU.Build.0 = Release|Any CPU
		{37E615C7-6F79-4102-953A-1CB9AF76734D}.Release|x64.ActiveCfg = Release|Any CPU
		{37E615C7-6F79-4102-953A-1CB9AF76734D}.Release|x64.Build.0 = Release|Any CPU
		{37E615C7-6F79-4102-953A-1CB9AF76734D}.Release|x86.ActiveCfg = Release|x86
		{37E615C7-6F79-4102-953A-1CB9AF76734D}.Release|x86.Build.0 = Release|x86
		{37E615C7-6F79-4102-953A-1CB9AF76734D}.Release-x86|Any CPU.ActiveCfg = Release-x86|Any CPU
		{37E615C7-6F79-4102-953A-1CB9AF76734D}.Release-x86|Any CPU.Build.0 = Release-x86|Any CPU
		{37E615C7-6F79-4102-953A-1CB9AF76734D}.Release-x86|x64.ActiveCfg = Release-x86|Any CPU
		{37E615C7-6F79-4102-953A-1CB9AF76734D}.Release-x86|x64.Build.0 = Release-x86|Any CPU
		{37E615C7-6F79-4102-953A-1CB9AF76734D}.Release-x86|x86.ActiveCfg = Release-x86|x86
		{37E615C7-6F79-4102-953A-1CB9AF76734D}.Release-x86|x86.Build.0 = Release-x86|x86
	EndGlobalSection
	GlobalSection(SolutionProperties) = preSolution
		HideSolutionNode = FALSE
	EndGlobalSection
	GlobalSection(ExtensibilityGlobals) = postSolution
		SolutionGuid = {5FA21620-32DF-4C5F-BA24-B9EBC0302F6F}
	EndGlobalSection
EndGlobal
